
Microsoft Visual Studio Solution File, Format Version 12.00
# Visual Studio Version 17
VisualStudioVersion = 17.3.32819.101
MinimumVisualStudioVersion = 10.0.40219.1
Project("{9A19103F-16F7-4668-BE54-9A1E7A4F7556}") = "PokemonCardz", "PokemanCardz\PokemonCardz.csproj", "{2CE85C7F-E60B-4B22-ADCD-250D04AE6867}"
EndProject
Project("{FAE04EC0-301F-11D3-BF4B-00C04F79EFBC}") = "PokemonCardzTests", "PokemonCardzTests\PokemonCardzTests.csproj", "{799CFFA0-30F7-4A52-B9A9-76500B980197}"
EndProject
Global
	GlobalSection(SolutionConfigurationPlatforms) = preSolution
		Debug|Any CPU = Debug|Any CPU
		Release|Any CPU = Release|Any CPU
	EndGlobalSection
	GlobalSection(ProjectConfigurationPlatforms) = postSolution
		{2CE85C7F-E60B-4B22-ADCD-250D04AE6867}.Debug|Any CPU.ActiveCfg = Debug|Any CPU
		{2CE85C7F-E60B-4B22-ADCD-250D04AE6867}.Debug|Any CPU.Build.0 = Debug|Any CPU
		{2CE85C7F-E60B-4B22-ADCD-250D04AE6867}.Release|Any CPU.ActiveCfg = Release|Any CPU
		{2CE85C7F-E60B-4B22-ADCD-250D04AE6867}.Release|Any CPU.Build.0 = Release|Any CPU
		{799CFFA0-30F7-4A52-B9A9-76500B980197}.Debug|Any CPU.ActiveCfg = Debug|Any CPU
		{799CFFA0-30F7-4A52-B9A9-76500B980197}.Debug|Any CPU.Build.0 = Debug|Any CPU
		{799CFFA0-30F7-4A52-B9A9-76500B980197}.Release|Any CPU.ActiveCfg = Release|Any CPU
		{799CFFA0-30F7-4A52-B9A9-76500B980197}.Release|Any CPU.Build.0 = Release|Any CPU
	EndGlobalSection
	GlobalSection(SolutionProperties) = preSolution
		HideSolutionNode = FALSE
	EndGlobalSection
	GlobalSection(ExtensibilityGlobals) = postSolution
		SolutionGuid = {55351431-8AC8-4D7F-8F66-7FBFD6C3D770}
	EndGlobalSection
EndGlobal
